
Microsoft Visual Studio Solution File, Format Version 12.00
# Visual Studio Version 17
VisualStudioVersion = 17.14.36511.14 d17.14
MinimumVisualStudioVersion = 10.0.40219.1
Project("{2150E333-8FDC-42A3-9474-1A3956D46DE8}") = "Task0", "Task0", "{02EA681E-C7D8-13C7-8484-4AC65E1B71E8}"
EndProject
Project("{FAE04EC0-301F-11D3-BF4B-00C04F79EFBC}") = "Tyuiu.LavrentevVA.Sprint1.Task0.V11.Test", "Tyuiu.LavrentevVA.Sprint1.Task0.V11.Test\Tyuiu.LavrentevVA.Sprint1.Task0.V11.Test.csproj", "{BF670120-658E-4AA4-B94F-F88421A435A0}"
EndProject
Project("{FAE04EC0-301F-11D3-BF4B-00C04F79EFBC}") = "Tyuiu.LavrentevVA.Sprint1.Task0.V11", "Tyuiu.LavrentevVA.Sprint1.Task0.V11\Tyuiu.LavrentevVA.Sprint1.Task0.V11.csproj", "{14B7918B-095D-42C9-9DF1-D3349CA33921}"
EndProject
Project("{FAE04EC0-301F-11D3-BF4B-00C04F79EFBC}") = "Tyuiu.LavrentevVA.Sprint1.Task0.V11.Lib", "Tyuiu.LavrentevVA.Sprint1.Task0.V11.Lib\Tyuiu.LavrentevVA.Sprint1.Task0.V11.Lib.csproj", "{29287CCE-13F6-4B57-8468-1E45A1A757F3}"
EndProject
Global
	GlobalSection(SolutionConfigurationPlatforms) = preSolution
		Debug|Any CPU = Debug|Any CPU
		Release|Any CPU = Release|Any CPU
	EndGlobalSection
	GlobalSection(ProjectConfigurationPlatforms) = postSolution
		{BF670120-658E-4AA4-B94F-F88421A435A0}.Debug|Any CPU.ActiveCfg = Debug|Any CPU
		{BF670120-658E-4AA4-B94F-F88421A435A0}.Debug|Any CPU.Build.0 = Debug|Any CPU
		{BF670120-658E-4AA4-B94F-F88421A435A0}.Release|Any CPU.ActiveCfg = Release|Any CPU
		{BF670120-658E-4AA4-B94F-F88421A435A0}.Release|Any CPU.Build.0 = Release|Any CPU
		{14B7918B-095D-42C9-9DF1-D3349CA33921}.Debug|Any CPU.ActiveCfg = Debug|Any CPU
		{14B7918B-095D-42C9-9DF1-D3349CA33921}.Debug|Any CPU.Build.0 = Debug|Any CPU
		{14B7918B-095D-42C9-9DF1-D3349CA33921}.Release|Any CPU.ActiveCfg = Release|Any CPU
		{14B7918B-095D-42C9-9DF1-D3349CA33921}.Release|Any CPU.Build.0 = Release|Any CPU
		{29287CCE-13F6-4B57-8468-1E45A1A757F3}.Debug|Any CPU.ActiveCfg = Debug|Any CPU
		{29287CCE-13F6-4B57-8468-1E45A1A757F3}.Debug|Any CPU.Build.0 = Debug|Any CPU
		{29287CCE-13F6-4B57-8468-1E45A1A757F3}.Release|Any CPU.ActiveCfg = Release|Any CPU
		{29287CCE-13F6-4B57-8468-1E45A1A757F3}.Release|Any CPU.Build.0 = Release|Any CPU
	EndGlobalSection
	GlobalSection(SolutionProperties) = preSolution
		HideSolutionNode = FALSE
	EndGlobalSection
	GlobalSection(NestedProjects) = preSolution
		{BF670120-658E-4AA4-B94F-F88421A435A0} = {02EA681E-C7D8-13C7-8484-4AC65E1B71E8}
		{14B7918B-095D-42C9-9DF1-D3349CA33921} = {02EA681E-C7D8-13C7-8484-4AC65E1B71E8}
		{29287CCE-13F6-4B57-8468-1E45A1A757F3} = {02EA681E-C7D8-13C7-8484-4AC65E1B71E8}
	EndGlobalSection
	GlobalSection(ExtensibilityGlobals) = postSolution
		SolutionGuid = {31A2C697-CE2F-41CD-ABDF-7D1226875569}
	EndGlobalSection
EndGlobal
