
Microsoft Visual Studio Solution File, Format Version 12.00
# Visual Studio Version 17
VisualStudioVersion = 17.14.36511.14
MinimumVisualStudioVersion = 10.0.40219.1
Project("{2150E333-8FDC-42A3-9474-1A3956D46DE8}") = "Task0", "Task0", "{02EA681E-C7D8-13C7-8484-4AC65E1B71E8}"
EndProject
Project("{FAE04EC0-301F-11D3-BF4B-00C04F79EFBC}") = "Tyuiu.LavrentevVA.Sprint1.Task0.V11.Test", "Tyuiu.LavrentevVA.Sprint1.Task0.V11.Test\Tyuiu.LavrentevVA.Sprint1.Task0.V11.Test.csproj", "{BF670120-658E-4AA4-B94F-F88421A435A0}"
EndProject
Project("{FAE04EC0-301F-11D3-BF4B-00C04F79EFBC}") = "Tyuiu.LavrentevVA.Sprint1.Task0.V11", "Tyuiu.LavrentevVA.Sprint1.Task0.V11\Tyuiu.LavrentevVA.Sprint1.Task0.V11.csproj", "{14B7918B-095D-42C9-9DF1-D3349CA33921}"
EndProject
Project("{FAE04EC0-301F-11D3-BF4B-00C04F79EFBC}") = "Tyuiu.LavrentevVA.Sprint1.Task0.V11.Lib", "Tyuiu.LavrentevVA.Sprint1.Task0.V11.Lib\Tyuiu.LavrentevVA.Sprint1.Task0.V11.Lib.csproj", "{29287CCE-13F6-4B57-8468-1E45A1A757F3}"
EndProject
Project("{2150E333-8FDC-42A3-9474-1A3956D46DE8}") = "Task1", "Task1", "{52FBE3B0-D569-4A98-897E-9351120B11A2}"
EndProject
Project("{FAE04EC0-301F-11D3-BF4B-00C04F79EFBC}") = "Tyuiu.LavrentevVA.Sprint1.Task1.V21", "Tyuiu.LavrentevVA.Sprint1.Task1.V21\Tyuiu.LavrentevVA.Sprint1.Task1.V21.csproj", "{0D967B35-EC5F-4CDB-BE4F-57B76009A455}"
EndProject
Project("{FAE04EC0-301F-11D3-BF4B-00C04F79EFBC}") = "Tyuiu.LavrentevVA.Sprint1.Task1.V21.Lib", "Tyuiu.LavrentevVA.Sprint1.Task1.V21.Lib\Tyuiu.LavrentevVA.Sprint1.Task1.V21.Lib.csproj", "{954BEC17-2643-4301-9334-C52223271068}"
EndProject
Project("{FAE04EC0-301F-11D3-BF4B-00C04F79EFBC}") = "Tyuiu.LavrentevVA.Sprint1.Task1.V21.Test", "Tyuiu.LavrentevVA.Sprint1.Task1.V21.Test\Tyuiu.LavrentevVA.Sprint1.Task1.V21.Test.csproj", "{9C2CDA7B-8B53-4D1B-965A-457D6BAD84E2}"
EndProject
Project("{2150E333-8FDC-42A3-9474-1A3956D46DE8}") = "Task2", "Task2", "{4D8CD3E1-DB33-43DB-AD7D-86D1FFA6D05E}"
EndProject
Project("{FAE04EC0-301F-11D3-BF4B-00C04F79EFBC}") = "Tyuiu.LavrentevVA.Sprint1.Task2.V29", "Tyuiu.LavrentevVA.Sprint1.Task2.V29\Tyuiu.LavrentevVA.Sprint1.Task2.V29.csproj", "{3837B560-D52C-40EC-9EA5-B99D532B7427}"
EndProject
Project("{FAE04EC0-301F-11D3-BF4B-00C04F79EFBC}") = "Tyuiu.LavrentevVA.Sprint1.Task2.V29.Lib", "Tyuiu.LavrentevVA.Sprint1.Task2.V29.Lib\Tyuiu.LavrentevVA.Sprint1.Task2.V29.Lib.csproj", "{F5667AAF-6022-494B-881B-FB6B594EDD3C}"
EndProject
Project("{FAE04EC0-301F-11D3-BF4B-00C04F79EFBC}") = "Tyuiu.LavrentevVA.Sprint1.Task2.V29.Test", "Tyuiu.LavrentevVA.Sprint1.Task2.V29.Test\Tyuiu.LavrentevVA.Sprint1.Task2.V29.Test.csproj", "{E4013E90-509F-4037-9D7C-5FB3912FD412}"
EndProject
Project("{2150E333-8FDC-42A3-9474-1A3956D46DE8}") = "Task3", "Task3", "{5E669C4C-3DD8-4522-B8C6-6B5522155A99}"
EndProject
Project("{FAE04EC0-301F-11D3-BF4B-00C04F79EFBC}") = "Tyuiu.LavrentevVA.Sprint1.Task3.V13", "Tyuiu.LavrentevVA.Sprint1.Task3.V13\Tyuiu.LavrentevVA.Sprint1.Task3.V13.csproj", "{F4A9016D-CDB1-4AF2-86C4-2A99CF8C0F53}"
EndProject
Project("{FAE04EC0-301F-11D3-BF4B-00C04F79EFBC}") = "Tyuiu.LavrentevVA.Sprint1.Task3.V13.Lib", "Tyuiu.LavrentevVA.Sprint1.Task3.V13.Lib\Tyuiu.LavrentevVA.Sprint1.Task3.V13.Lib.csproj", "{CE768B12-6DCA-4954-BA32-55D66A3C53BA}"
EndProject
Project("{FAE04EC0-301F-11D3-BF4B-00C04F79EFBC}") = "Tyuiu.LavrentevVA.Sprint1.Task3.V13.Test", "Tyuiu.LavrentevVA.Sprint1.Task3.V13.Test\Tyuiu.LavrentevVA.Sprint1.Task3.V13.Test.csproj", "{8F3DC32B-9977-457C-BFAB-3A314F71B372}"
EndProject
Project("{2150E333-8FDC-42A3-9474-1A3956D46DE8}") = "Task4", "Task4", "{23451652-2CE1-49DD-8A5E-F29336DAC6DB}"
EndProject
Project("{FAE04EC0-301F-11D3-BF4B-00C04F79EFBC}") = "Tyuiu.LavrentevVA.Sprint1.Task4.V1", "Tyuiu.LavrentevVA.Sprint1.Task4.V1\Tyuiu.LavrentevVA.Sprint1.Task4.V1.csproj", "{EACA8903-8FDE-4F2C-8490-E2E1B5407A5A}"
EndProject
Project("{FAE04EC0-301F-11D3-BF4B-00C04F79EFBC}") = "Tyuiu.LavrentevVA.Sprint1.Task4.V1.Lib", "Tyuiu.LavrentevVA.Sprint1.Task4.V1.Lib\Tyuiu.LavrentevVA.Sprint1.Task4.V1.Lib.csproj", "{D1D40BFA-666F-4C1E-9AB4-71E20C97CDE3}"
EndProject
Project("{FAE04EC0-301F-11D3-BF4B-00C04F79EFBC}") = "Tyuiu.LavrentevVA.Sprint1.Task4.V1.Test", "Tyuiu.LavrentevVA.Sprint1.Task4.V1.Test\Tyuiu.LavrentevVA.Sprint1.Task4.V1.Test.csproj", "{D05448D2-AC84-4470-AB72-3F405F4F5A16}"
EndProject
Global
	GlobalSection(SolutionConfigurationPlatforms) = preSolution
		Debug|Any CPU = Debug|Any CPU
		Release|Any CPU = Release|Any CPU
	EndGlobalSection
	GlobalSection(ProjectConfigurationPlatforms) = postSolution
		{BF670120-658E-4AA4-B94F-F88421A435A0}.Debug|Any CPU.ActiveCfg = Debug|Any CPU
		{BF670120-658E-4AA4-B94F-F88421A435A0}.Debug|Any CPU.Build.0 = Debug|Any CPU
		{BF670120-658E-4AA4-B94F-F88421A435A0}.Release|Any CPU.ActiveCfg = Release|Any CPU
		{BF670120-658E-4AA4-B94F-F88421A435A0}.Release|Any CPU.Build.0 = Release|Any CPU
		{14B7918B-095D-42C9-9DF1-D3349CA33921}.Debug|Any CPU.ActiveCfg = Debug|Any CPU
		{14B7918B-095D-42C9-9DF1-D3349CA33921}.Debug|Any CPU.Build.0 = Debug|Any CPU
		{14B7918B-095D-42C9-9DF1-D3349CA33921}.Release|Any CPU.ActiveCfg = Release|Any CPU
		{14B7918B-095D-42C9-9DF1-D3349CA33921}.Release|Any CPU.Build.0 = Release|Any CPU
		{29287CCE-13F6-4B57-8468-1E45A1A757F3}.Debug|Any CPU.ActiveCfg = Debug|Any CPU
		{29287CCE-13F6-4B57-8468-1E45A1A757F3}.Debug|Any CPU.Build.0 = Debug|Any CPU
		{29287CCE-13F6-4B57-8468-1E45A1A757F3}.Release|Any CPU.ActiveCfg = Release|Any CPU
		{29287CCE-13F6-4B57-8468-1E45A1A757F3}.Release|Any CPU.Build.0 = Release|Any CPU
		{0D967B35-EC5F-4CDB-BE4F-57B76009A455}.Debug|Any CPU.ActiveCfg = Debug|Any CPU
		{0D967B35-EC5F-4CDB-BE4F-57B76009A455}.Debug|Any CPU.Build.0 = Debug|Any CPU
		{0D967B35-EC5F-4CDB-BE4F-57B76009A455}.Release|Any CPU.ActiveCfg = Release|Any CPU
		{0D967B35-EC5F-4CDB-BE4F-57B76009A455}.Release|Any CPU.Build.0 = Release|Any CPU
		{954BEC17-2643-4301-9334-C52223271068}.Debug|Any CPU.ActiveCfg = Debug|Any CPU
		{954BEC17-2643-4301-9334-C52223271068}.Debug|Any CPU.Build.0 = Debug|Any CPU
		{954BEC17-2643-4301-9334-C52223271068}.Release|Any CPU.ActiveCfg = Release|Any CPU
		{954BEC17-2643-4301-9334-C52223271068}.Release|Any CPU.Build.0 = Release|Any CPU
		{9C2CDA7B-8B53-4D1B-965A-457D6BAD84E2}.Debug|Any CPU.ActiveCfg = Debug|Any CPU
		{9C2CDA7B-8B53-4D1B-965A-457D6BAD84E2}.Debug|Any CPU.Build.0 = Debug|Any CPU
		{9C2CDA7B-8B53-4D1B-965A-457D6BAD84E2}.Release|Any CPU.ActiveCfg = Release|Any CPU
		{9C2CDA7B-8B53-4D1B-965A-457D6BAD84E2}.Release|Any CPU.Build.0 = Release|Any CPU
		{3837B560-D52C-40EC-9EA5-B99D532B7427}.Debug|Any CPU.ActiveCfg = Debug|Any CPU
		{3837B560-D52C-40EC-9EA5-B99D532B7427}.Debug|Any CPU.Build.0 = Debug|Any CPU
		{3837B560-D52C-40EC-9EA5-B99D532B7427}.Release|Any CPU.ActiveCfg = Release|Any CPU
		{3837B560-D52C-40EC-9EA5-B99D532B7427}.Release|Any CPU.Build.0 = Release|Any CPU
		{F5667AAF-6022-494B-881B-FB6B594EDD3C}.Debug|Any CPU.ActiveCfg = Debug|Any CPU
		{F5667AAF-6022-494B-881B-FB6B594EDD3C}.Debug|Any CPU.Build.0 = Debug|Any CPU
		{F5667AAF-6022-494B-881B-FB6B594EDD3C}.Release|Any CPU.ActiveCfg = Release|Any CPU
		{F5667AAF-6022-494B-881B-FB6B594EDD3C}.Release|Any CPU.Build.0 = Release|Any CPU
		{E4013E90-509F-4037-9D7C-5FB3912FD412}.Debug|Any CPU.ActiveCfg = Debug|Any CPU
		{E4013E90-509F-4037-9D7C-5FB3912FD412}.Debug|Any CPU.Build.0 = Debug|Any CPU
		{E4013E90-509F-4037-9D7C-5FB3912FD412}.Release|Any CPU.ActiveCfg = Release|Any CPU
		{E4013E90-509F-4037-9D7C-5FB3912FD412}.Release|Any CPU.Build.0 = Release|Any CPU
		{F4A9016D-CDB1-4AF2-86C4-2A99CF8C0F53}.Debug|Any CPU.ActiveCfg = Debug|Any CPU
		{F4A9016D-CDB1-4AF2-86C4-2A99CF8C0F53}.Debug|Any CPU.Build.0 = Debug|Any CPU
		{F4A9016D-CDB1-4AF2-86C4-2A99CF8C0F53}.Release|Any CPU.ActiveCfg = Release|Any CPU
		{F4A9016D-CDB1-4AF2-86C4-2A99CF8C0F53}.Release|Any CPU.Build.0 = Release|Any CPU
		{CE768B12-6DCA-4954-BA32-55D66A3C53BA}.Debug|Any CPU.ActiveCfg = Debug|Any CPU
		{CE768B12-6DCA-4954-BA32-55D66A3C53BA}.Debug|Any CPU.Build.0 = Debug|Any CPU
		{CE768B12-6DCA-4954-BA32-55D66A3C53BA}.Release|Any CPU.ActiveCfg = Release|Any CPU
		{CE768B12-6DCA-4954-BA32-55D66A3C53BA}.Release|Any CPU.Build.0 = Release|Any CPU
		{8F3DC32B-9977-457C-BFAB-3A314F71B372}.Debug|Any CPU.ActiveCfg = Debug|Any CPU
		{8F3DC32B-9977-457C-BFAB-3A314F71B372}.Debug|Any CPU.Build.0 = Debug|Any CPU
		{8F3DC32B-9977-457C-BFAB-3A314F71B372}.Release|Any CPU.ActiveCfg = Release|Any CPU
		{8F3DC32B-9977-457C-BFAB-3A314F71B372}.Release|Any CPU.Build.0 = Release|Any CPU
		{EACA8903-8FDE-4F2C-8490-E2E1B5407A5A}.Debug|Any CPU.ActiveCfg = Debug|Any CPU
		{EACA8903-8FDE-4F2C-8490-E2E1B5407A5A}.Debug|Any CPU.Build.0 = Debug|Any CPU
		{EACA8903-8FDE-4F2C-8490-E2E1B5407A5A}.Release|Any CPU.ActiveCfg = Release|Any CPU
		{EACA8903-8FDE-4F2C-8490-E2E1B5407A5A}.Release|Any CPU.Build.0 = Release|Any CPU
		{D1D40BFA-666F-4C1E-9AB4-71E20C97CDE3}.Debug|Any CPU.ActiveCfg = Debug|Any CPU
		{D1D40BFA-666F-4C1E-9AB4-71E20C97CDE3}.Debug|Any CPU.Build.0 = Debug|Any CPU
		{D1D40BFA-666F-4C1E-9AB4-71E20C97CDE3}.Release|Any CPU.ActiveCfg = Release|Any CPU
		{D1D40BFA-666F-4C1E-9AB4-71E20C97CDE3}.Release|Any CPU.Build.0 = Release|Any CPU
		{D05448D2-AC84-4470-AB72-3F405F4F5A16}.Debug|Any CPU.ActiveCfg = Debug|Any CPU
		{D05448D2-AC84-4470-AB72-3F405F4F5A16}.Debug|Any CPU.Build.0 = Debug|Any CPU
		{D05448D2-AC84-4470-AB72-3F405F4F5A16}.Release|Any CPU.ActiveCfg = Release|Any CPU
		{D05448D2-AC84-4470-AB72-3F405F4F5A16}.Release|Any CPU.Build.0 = Release|Any CPU
	EndGlobalSection
	GlobalSection(SolutionProperties) = preSolution
		HideSolutionNode = FALSE
	EndGlobalSection
	GlobalSection(NestedProjects) = preSolution
		{BF670120-658E-4AA4-B94F-F88421A435A0} = {02EA681E-C7D8-13C7-8484-4AC65E1B71E8}
		{14B7918B-095D-42C9-9DF1-D3349CA33921} = {02EA681E-C7D8-13C7-8484-4AC65E1B71E8}
		{29287CCE-13F6-4B57-8468-1E45A1A757F3} = {02EA681E-C7D8-13C7-8484-4AC65E1B71E8}
		{0D967B35-EC5F-4CDB-BE4F-57B76009A455} = {52FBE3B0-D569-4A98-897E-9351120B11A2}
		{954BEC17-2643-4301-9334-C52223271068} = {52FBE3B0-D569-4A98-897E-9351120B11A2}
		{9C2CDA7B-8B53-4D1B-965A-457D6BAD84E2} = {52FBE3B0-D569-4A98-897E-9351120B11A2}
		{3837B560-D52C-40EC-9EA5-B99D532B7427} = {4D8CD3E1-DB33-43DB-AD7D-86D1FFA6D05E}
		{F5667AAF-6022-494B-881B-FB6B594EDD3C} = {4D8CD3E1-DB33-43DB-AD7D-86D1FFA6D05E}
		{E4013E90-509F-4037-9D7C-5FB3912FD412} = {4D8CD3E1-DB33-43DB-AD7D-86D1FFA6D05E}
		{F4A9016D-CDB1-4AF2-86C4-2A99CF8C0F53} = {5E669C4C-3DD8-4522-B8C6-6B5522155A99}
		{CE768B12-6DCA-4954-BA32-55D66A3C53BA} = {5E669C4C-3DD8-4522-B8C6-6B5522155A99}
		{8F3DC32B-9977-457C-BFAB-3A314F71B372} = {5E669C4C-3DD8-4522-B8C6-6B5522155A99}
		{EACA8903-8FDE-4F2C-8490-E2E1B5407A5A} = {23451652-2CE1-49DD-8A5E-F29336DAC6DB}
		{D1D40BFA-666F-4C1E-9AB4-71E20C97CDE3} = {23451652-2CE1-49DD-8A5E-F29336DAC6DB}
		{D05448D2-AC84-4470-AB72-3F405F4F5A16} = {23451652-2CE1-49DD-8A5E-F29336DAC6DB}
	EndGlobalSection
	GlobalSection(ExtensibilityGlobals) = postSolution
		SolutionGuid = {31A2C697-CE2F-41CD-ABDF-7D1226875569}
	EndGlobalSection
EndGlobal
